
Microsoft Visual Studio Solution File, Format Version 12.00
# Visual Studio Version 17
VisualStudioVersion = 17.0.31903.59
MinimumVisualStudioVersion = 10.0.40219.1
Project("{FAE04EC0-301F-11D3-BF4B-00C04F79EFBC}") = "Northwind.WebApi.Service", "Northwind.WebApi.Service\Northwind.WebApi.Service.csproj", "{00842FF6-38A6-4349-9846-CF7712DD723E}"
EndProject
Project("{FAE04EC0-301F-11D3-BF4B-00C04F79EFBC}") = "Northwind.Common.DataContext.SqlServer", "Northwind.Common.DataContext.SqlServer\Northwind.Common.DataContext.SqlServer.csproj", "{EE6182B3-4520-455F-9255-81FDC9CA4BC2}"
EndProject
Project("{FAE04EC0-301F-11D3-BF4B-00C04F79EFBC}") = "Northwind.Common.EntityModels.SqlServer", "Northwind.Common.EntityModels.SqlServer\Northwind.Common.EntityModels.SqlServer.csproj", "{A62F5D0A-8AF4-4B30-867C-F861EEAABEF7}"
EndProject
Project("{FAE04EC0-301F-11D3-BF4B-00C04F79EFBC}") = "Northwind.WebApi.Client.Mvc", "Northwind.WebApi.Client.Mvc\Northwind.WebApi.Client.Mvc.csproj", "{39AFA98E-53E4-4B1E-A0C6-C1562498AE02}"
EndProject
Project("{FAE04EC0-301F-11D3-BF4B-00C04F79EFBC}") = "Northwind.WebApi.Client.Console", "Northwind.WebApi.Client.Console\Northwind.WebApi.Client.Console.csproj", "{5705A6C6-FAFC-440D-81E5-D2CD89550C1F}"
EndProject
Global
	GlobalSection(SolutionConfigurationPlatforms) = preSolution
		Debug|Any CPU = Debug|Any CPU
		Release|Any CPU = Release|Any CPU
	EndGlobalSection
	GlobalSection(SolutionProperties) = preSolution
		HideSolutionNode = FALSE
	EndGlobalSection
	GlobalSection(ProjectConfigurationPlatforms) = postSolution
		{00842FF6-38A6-4349-9846-CF7712DD723E}.Debug|Any CPU.ActiveCfg = Debug|Any CPU
		{00842FF6-38A6-4349-9846-CF7712DD723E}.Debug|Any CPU.Build.0 = Debug|Any CPU
		{00842FF6-38A6-4349-9846-CF7712DD723E}.Release|Any CPU.ActiveCfg = Release|Any CPU
		{00842FF6-38A6-4349-9846-CF7712DD723E}.Release|Any CPU.Build.0 = Release|Any CPU
		{EE6182B3-4520-455F-9255-81FDC9CA4BC2}.Debug|Any CPU.ActiveCfg = Debug|Any CPU
		{EE6182B3-4520-455F-9255-81FDC9CA4BC2}.Debug|Any CPU.Build.0 = Debug|Any CPU
		{EE6182B3-4520-455F-9255-81FDC9CA4BC2}.Release|Any CPU.ActiveCfg = Release|Any CPU
		{EE6182B3-4520-455F-9255-81FDC9CA4BC2}.Release|Any CPU.Build.0 = Release|Any CPU
		{A62F5D0A-8AF4-4B30-867C-F861EEAABEF7}.Debug|Any CPU.ActiveCfg = Debug|Any CPU
		{A62F5D0A-8AF4-4B30-867C-F861EEAABEF7}.Debug|Any CPU.Build.0 = Debug|Any CPU
		{A62F5D0A-8AF4-4B30-867C-F861EEAABEF7}.Release|Any CPU.ActiveCfg = Release|Any CPU
		{A62F5D0A-8AF4-4B30-867C-F861EEAABEF7}.Release|Any CPU.Build.0 = Release|Any CPU
		{39AFA98E-53E4-4B1E-A0C6-C1562498AE02}.Debug|Any CPU.ActiveCfg = Debug|Any CPU
		{39AFA98E-53E4-4B1E-A0C6-C1562498AE02}.Debug|Any CPU.Build.0 = Debug|Any CPU
		{39AFA98E-53E4-4B1E-A0C6-C1562498AE02}.Release|Any CPU.ActiveCfg = Release|Any CPU
		{39AFA98E-53E4-4B1E-A0C6-C1562498AE02}.Release|Any CPU.Build.0 = Release|Any CPU
		{5705A6C6-FAFC-440D-81E5-D2CD89550C1F}.Debug|Any CPU.ActiveCfg = Debug|Any CPU
		{5705A6C6-FAFC-440D-81E5-D2CD89550C1F}.Debug|Any CPU.Build.0 = Debug|Any CPU
		{5705A6C6-FAFC-440D-81E5-D2CD89550C1F}.Release|Any CPU.ActiveCfg = Release|Any CPU
		{5705A6C6-FAFC-440D-81E5-D2CD89550C1F}.Release|Any CPU.Build.0 = Release|Any CPU
	EndGlobalSection
EndGlobal
