
Microsoft Visual Studio Solution File, Format Version 12.00
# Visual Studio Version 17
VisualStudioVersion = 17.0.31903.59
MinimumVisualStudioVersion = 10.0.40219.1
Project("{9A19103F-16F7-4668-BE54-9A1E7A4F7556}") = "Northwind.Console.EFCore", "Northwind.Console.EFCore\Northwind.Console.EFCore.csproj", "{8C8737EF-C71D-4081-9BF5-7FC90EB2D53F}"
EndProject
Project("{FAE04EC0-301F-11D3-BF4B-00C04F79EFBC}") = "Northwind.Console.HierarchyMapping", "Northwind.Console.HierarchyMapping\Northwind.Console.HierarchyMapping.csproj", "{22CFB901-C36E-4E83-B9FF-97AB37840FA5}"
EndProject
Global
	GlobalSection(SolutionConfigurationPlatforms) = preSolution
		Debug|Any CPU = Debug|Any CPU
		Release|Any CPU = Release|Any CPU
	EndGlobalSection
	GlobalSection(ProjectConfigurationPlatforms) = postSolution
		{8C8737EF-C71D-4081-9BF5-7FC90EB2D53F}.Debug|Any CPU.ActiveCfg = Debug|Any CPU
		{8C8737EF-C71D-4081-9BF5-7FC90EB2D53F}.Debug|Any CPU.Build.0 = Debug|Any CPU
		{8C8737EF-C71D-4081-9BF5-7FC90EB2D53F}.Release|Any CPU.ActiveCfg = Release|Any CPU
		{8C8737EF-C71D-4081-9BF5-7FC90EB2D53F}.Release|Any CPU.Build.0 = Release|Any CPU
		{22CFB901-C36E-4E83-B9FF-97AB37840FA5}.Debug|Any CPU.ActiveCfg = Debug|Any CPU
		{22CFB901-C36E-4E83-B9FF-97AB37840FA5}.Debug|Any CPU.Build.0 = Debug|Any CPU
		{22CFB901-C36E-4E83-B9FF-97AB37840FA5}.Release|Any CPU.ActiveCfg = Release|Any CPU
		{22CFB901-C36E-4E83-B9FF-97AB37840FA5}.Release|Any CPU.Build.0 = Release|Any CPU
	EndGlobalSection
	GlobalSection(SolutionProperties) = preSolution
		HideSolutionNode = FALSE
	EndGlobalSection
	GlobalSection(ExtensibilityGlobals) = postSolution
		SolutionGuid = {BB9E86F2-7F1B-4C6B-94A9-5006D5CED94D}
	EndGlobalSection
EndGlobal
