
Microsoft Visual Studio Solution File, Format Version 12.00
# Visual Studio Version 17
VisualStudioVersion = 17.0.31903.59
MinimumVisualStudioVersion = 10.0.40219.1
Project("{FAE04EC0-301F-11D3-BF4B-00C04F79EFBC}") = "Northwind.Common", "Northwind.Common\Northwind.Common.csproj", "{EC1CC611-FE46-44E1-9ACC-446FB4F2E09D}"
EndProject
Project("{FAE04EC0-301F-11D3-BF4B-00C04F79EFBC}") = "Northwind.SignalR.Service.Client.Mvc", "Northwind.SignalR.Service.Client.Mvc\Northwind.SignalR.Service.Client.Mvc.csproj", "{C744ADB7-73C9-483A-95A3-6AC543A56556}"
EndProject
Global
	GlobalSection(SolutionConfigurationPlatforms) = preSolution
		Debug|Any CPU = Debug|Any CPU
		Release|Any CPU = Release|Any CPU
	EndGlobalSection
	GlobalSection(SolutionProperties) = preSolution
		HideSolutionNode = FALSE
	EndGlobalSection
	GlobalSection(ProjectConfigurationPlatforms) = postSolution
		{EC1CC611-FE46-44E1-9ACC-446FB4F2E09D}.Debug|Any CPU.ActiveCfg = Debug|Any CPU
		{EC1CC611-FE46-44E1-9ACC-446FB4F2E09D}.Debug|Any CPU.Build.0 = Debug|Any CPU
		{EC1CC611-FE46-44E1-9ACC-446FB4F2E09D}.Release|Any CPU.ActiveCfg = Release|Any CPU
		{EC1CC611-FE46-44E1-9ACC-446FB4F2E09D}.Release|Any CPU.Build.0 = Release|Any CPU
		{C744ADB7-73C9-483A-95A3-6AC543A56556}.Debug|Any CPU.ActiveCfg = Debug|Any CPU
		{C744ADB7-73C9-483A-95A3-6AC543A56556}.Debug|Any CPU.Build.0 = Debug|Any CPU
		{C744ADB7-73C9-483A-95A3-6AC543A56556}.Release|Any CPU.ActiveCfg = Release|Any CPU
		{C744ADB7-73C9-483A-95A3-6AC543A56556}.Release|Any CPU.Build.0 = Release|Any CPU
	EndGlobalSection
EndGlobal
