
Microsoft Visual Studio Solution File, Format Version 12.00
# Visual Studio Version 17
VisualStudioVersion = 17.0.31903.59
MinimumVisualStudioVersion = 10.0.40219.1
Project("{FAE04EC0-301F-11D3-BF4B-00C04F79EFBC}") = "Northwind.Common.DataContext.SqlServer", "Northwind.Common.DataContext.SqlServer\Northwind.Common.DataContext.SqlServer.csproj", "{ACB7CBC4-26CB-41F0-87AB-19C05F6D53A1}"
EndProject
Project("{FAE04EC0-301F-11D3-BF4B-00C04F79EFBC}") = "Northwind.Common.EntityModels.SqlServer", "Northwind.Common.EntityModels.SqlServer\Northwind.Common.EntityModels.SqlServer.csproj", "{8389C5B5-11F3-4F25-AA07-4133EF98CB31}"
EndProject
Project("{FAE04EC0-301F-11D3-BF4B-00C04F79EFBC}") = "Northwind.WebApi.Service", "Northwind.WebApi.Service\Northwind.WebApi.Service.csproj", "{EC6A6443-44EC-44C4-B21E-28C24F288DBA}"
EndProject
Project("{FAE04EC0-301F-11D3-BF4B-00C04F79EFBC}") = "Northwind.WebApi.Client.Mvc", "Northwind.WebApi.Client.Mvc\Northwind.WebApi.Client.Mvc.csproj", "{A499B988-2398-4DA3-B3B4-DD535236B6AA}"
EndProject
Project("{FAE04EC0-301F-11D3-BF4B-00C04F79EFBC}") = "Northwind.Queue.Models", "Northwind.Queue.Models\Northwind.Queue.Models.csproj", "{54B84F06-103B-46C0-9CB2-886BE1A8D466}"
EndProject
Project("{FAE04EC0-301F-11D3-BF4B-00C04F79EFBC}") = "Northwind.Queue.Consumer", "Northwind.Queue.Consumer\Northwind.Queue.Consumer.csproj", "{174C9A01-8B30-46FE-B4C8-FFC4F50D8FD6}"
EndProject
Project("{FAE04EC0-301F-11D3-BF4B-00C04F79EFBC}") = "Northwind.Background.Workers", "Northwind.Background.Workers\Northwind.Background.Workers.csproj", "{C9E4B02A-07F0-4634-941D-0CDDB89D0037}"
EndProject
Global
	GlobalSection(SolutionConfigurationPlatforms) = preSolution
		Debug|Any CPU = Debug|Any CPU
		Release|Any CPU = Release|Any CPU
	EndGlobalSection
	GlobalSection(SolutionProperties) = preSolution
		HideSolutionNode = FALSE
	EndGlobalSection
	GlobalSection(ProjectConfigurationPlatforms) = postSolution
		{ACB7CBC4-26CB-41F0-87AB-19C05F6D53A1}.Debug|Any CPU.ActiveCfg = Debug|Any CPU
		{ACB7CBC4-26CB-41F0-87AB-19C05F6D53A1}.Debug|Any CPU.Build.0 = Debug|Any CPU
		{ACB7CBC4-26CB-41F0-87AB-19C05F6D53A1}.Release|Any CPU.ActiveCfg = Release|Any CPU
		{ACB7CBC4-26CB-41F0-87AB-19C05F6D53A1}.Release|Any CPU.Build.0 = Release|Any CPU
		{8389C5B5-11F3-4F25-AA07-4133EF98CB31}.Debug|Any CPU.ActiveCfg = Debug|Any CPU
		{8389C5B5-11F3-4F25-AA07-4133EF98CB31}.Debug|Any CPU.Build.0 = Debug|Any CPU
		{8389C5B5-11F3-4F25-AA07-4133EF98CB31}.Release|Any CPU.ActiveCfg = Release|Any CPU
		{8389C5B5-11F3-4F25-AA07-4133EF98CB31}.Release|Any CPU.Build.0 = Release|Any CPU
		{EC6A6443-44EC-44C4-B21E-28C24F288DBA}.Debug|Any CPU.ActiveCfg = Debug|Any CPU
		{EC6A6443-44EC-44C4-B21E-28C24F288DBA}.Debug|Any CPU.Build.0 = Debug|Any CPU
		{EC6A6443-44EC-44C4-B21E-28C24F288DBA}.Release|Any CPU.ActiveCfg = Release|Any CPU
		{EC6A6443-44EC-44C4-B21E-28C24F288DBA}.Release|Any CPU.Build.0 = Release|Any CPU
		{A499B988-2398-4DA3-B3B4-DD535236B6AA}.Debug|Any CPU.ActiveCfg = Debug|Any CPU
		{A499B988-2398-4DA3-B3B4-DD535236B6AA}.Debug|Any CPU.Build.0 = Debug|Any CPU
		{A499B988-2398-4DA3-B3B4-DD535236B6AA}.Release|Any CPU.ActiveCfg = Release|Any CPU
		{A499B988-2398-4DA3-B3B4-DD535236B6AA}.Release|Any CPU.Build.0 = Release|Any CPU
		{54B84F06-103B-46C0-9CB2-886BE1A8D466}.Debug|Any CPU.ActiveCfg = Debug|Any CPU
		{54B84F06-103B-46C0-9CB2-886BE1A8D466}.Debug|Any CPU.Build.0 = Debug|Any CPU
		{54B84F06-103B-46C0-9CB2-886BE1A8D466}.Release|Any CPU.ActiveCfg = Release|Any CPU
		{54B84F06-103B-46C0-9CB2-886BE1A8D466}.Release|Any CPU.Build.0 = Release|Any CPU
		{174C9A01-8B30-46FE-B4C8-FFC4F50D8FD6}.Debug|Any CPU.ActiveCfg = Debug|Any CPU
		{174C9A01-8B30-46FE-B4C8-FFC4F50D8FD6}.Debug|Any CPU.Build.0 = Debug|Any CPU
		{174C9A01-8B30-46FE-B4C8-FFC4F50D8FD6}.Release|Any CPU.ActiveCfg = Release|Any CPU
		{174C9A01-8B30-46FE-B4C8-FFC4F50D8FD6}.Release|Any CPU.Build.0 = Release|Any CPU
		{C9E4B02A-07F0-4634-941D-0CDDB89D0037}.Debug|Any CPU.ActiveCfg = Debug|Any CPU
		{C9E4B02A-07F0-4634-941D-0CDDB89D0037}.Debug|Any CPU.Build.0 = Debug|Any CPU
		{C9E4B02A-07F0-4634-941D-0CDDB89D0037}.Release|Any CPU.ActiveCfg = Release|Any CPU
		{C9E4B02A-07F0-4634-941D-0CDDB89D0037}.Release|Any CPU.Build.0 = Release|Any CPU
	EndGlobalSection
EndGlobal
